
Microsoft Visual Studio Solution File, Format Version 12.00
# Visual Studio 15
VisualStudioVersion = 15.0.27004.2005
MinimumVisualStudioVersion = 10.0.40219.1
Project("{FAE04EC0-301F-11D3-BF4B-00C04F79EFBC}") = "Lab1", "Lab1\Lab1.csproj", "{D3F97BAB-BEC8-4BA0-99B5-623ABBB81151}"
EndProject
Global
	GlobalSection(SolutionConfigurationPlatforms) = preSolution
		Debug|Any CPU = Debug|Any CPU
		Release|Any CPU = Release|Any CPU
	EndGlobalSection
	GlobalSection(ProjectConfigurationPlatforms) = postSolution
		{D3F97BAB-BEC8-4BA0-99B5-623ABBB81151}.Debug|Any CPU.ActiveCfg = Debug|Any CPU
		{D3F97BAB-BEC8-4BA0-99B5-623ABBB81151}.Debug|Any CPU.Build.0 = Debug|Any CPU
		{D3F97BAB-BEC8-4BA0-99B5-623ABBB81151}.Release|Any CPU.ActiveCfg = Release|Any CPU
		{D3F97BAB-BEC8-4BA0-99B5-623ABBB81151}.Release|Any CPU.Build.0 = Release|Any CPU
	EndGlobalSection
	GlobalSection(SolutionProperties) = preSolution
		HideSolutionNode = FALSE
	EndGlobalSection
	GlobalSection(ExtensibilityGlobals) = postSolution
		SolutionGuid = {29C8D2CE-68BC-4418-9E3C-C8A902F91D90}
	EndGlobalSection
EndGlobal
